
Microsoft Visual Studio Solution File, Format Version 12.00
# Visual Studio Version 17
VisualStudioVersion = 17.9.34902.65
MinimumVisualStudioVersion = 10.0.40219.1
Project("{FAE04EC0-301F-11D3-BF4B-00C04F79EFBC}") = "FXExchange", "FXExchange\FXExchange.csproj", "{927E7409-1A7F-434C-97B0-E5BAC2EDC77B}"
EndProject
Project("{FAE04EC0-301F-11D3-BF4B-00C04F79EFBC}") = "FXExchange.Tests", "FXExchange.Tests\FXExchange.Tests.csproj", "{9AEE524A-2F90-4440-A987-237D32D18BB5}"
EndProject
Global
	GlobalSection(SolutionConfigurationPlatforms) = preSolution
		Debug|Any CPU = Debug|Any CPU
		Release|Any CPU = Release|Any CPU
	EndGlobalSection
	GlobalSection(ProjectConfigurationPlatforms) = postSolution
		{927E7409-1A7F-434C-97B0-E5BAC2EDC77B}.Debug|Any CPU.ActiveCfg = Debug|Any CPU
		{927E7409-1A7F-434C-97B0-E5BAC2EDC77B}.Debug|Any CPU.Build.0 = Debug|Any CPU
		{927E7409-1A7F-434C-97B0-E5BAC2EDC77B}.Release|Any CPU.ActiveCfg = Release|Any CPU
		{927E7409-1A7F-434C-97B0-E5BAC2EDC77B}.Release|Any CPU.Build.0 = Release|Any CPU
		{9AEE524A-2F90-4440-A987-237D32D18BB5}.Debug|Any CPU.ActiveCfg = Debug|Any CPU
		{9AEE524A-2F90-4440-A987-237D32D18BB5}.Debug|Any CPU.Build.0 = Debug|Any CPU
		{9AEE524A-2F90-4440-A987-237D32D18BB5}.Release|Any CPU.ActiveCfg = Release|Any CPU
		{9AEE524A-2F90-4440-A987-237D32D18BB5}.Release|Any CPU.Build.0 = Release|Any CPU
	EndGlobalSection
	GlobalSection(SolutionProperties) = preSolution
		HideSolutionNode = FALSE
	EndGlobalSection
	GlobalSection(ExtensibilityGlobals) = postSolution
		SolutionGuid = {F2CFA31B-F7FC-419A-B919-D0720885812B}
	EndGlobalSection
EndGlobal
